
Microsoft Visual Studio Solution File, Format Version 12.00
# Visual Studio Version 16
VisualStudioVersion = 16.0.30011.22
MinimumVisualStudioVersion = 10.0.40219.1
Project("{FAE04EC0-301F-11D3-BF4B-00C04F79EFBC}") = "LogFinder", "LogFinder\LogFinder.csproj", "{F80EDC12-F5F3-4261-9B1B-F73EA1B95685}"
EndProject
Global
	GlobalSection(SolutionConfigurationPlatforms) = preSolution
		Debug|Any CPU = Debug|Any CPU
		Release|Any CPU = Release|Any CPU
	EndGlobalSection
	GlobalSection(ProjectConfigurationPlatforms) = postSolution
		{F80EDC12-F5F3-4261-9B1B-F73EA1B95685}.Debug|Any CPU.ActiveCfg = Debug|Any CPU
		{F80EDC12-F5F3-4261-9B1B-F73EA1B95685}.Debug|Any CPU.Build.0 = Debug|Any CPU
		{F80EDC12-F5F3-4261-9B1B-F73EA1B95685}.Release|Any CPU.ActiveCfg = Release|Any CPU
		{F80EDC12-F5F3-4261-9B1B-F73EA1B95685}.Release|Any CPU.Build.0 = Release|Any CPU
	EndGlobalSection
	GlobalSection(SolutionProperties) = preSolution
		HideSolutionNode = FALSE
	EndGlobalSection
	GlobalSection(ExtensibilityGlobals) = postSolution
		SolutionGuid = {942132BA-BD66-4C4A-B2E5-4582F235A42D}
	EndGlobalSection
EndGlobal
